Microsoft Visual Studio Solution File, Format Version 12.00
# Visual Studio Version 17
VisualStudioVersion = 17.5.2.0
MinimumVisualStudioVersion = 10.0.40219.1
Project("{FAE04EC0-301F-11D3-BF4B-00C04F79EFBC}") = "progression-ecole-back", "progression-ecole-back\progression-ecole-back.csproj", "{9320FE85-6F91-8ECA-DF30-15196B2D9FE8}"
EndProject
Global
	GlobalSection(SolutionConfigurationPlatforms) = preSolution
		Debug|Any CPU = Debug|Any CPU
		Release|Any CPU = Release|Any CPU
	EndGlobalSection
	GlobalSection(ProjectConfigurationPlatforms) = postSolution
		{9320FE85-6F91-8ECA-DF30-15196B2D9FE8}.Debug|Any CPU.ActiveCfg = Debug|Any CPU
		{9320FE85-6F91-8ECA-DF30-15196B2D9FE8}.Debug|Any CPU.Build.0 = Debug|Any CPU
		{9320FE85-6F91-8ECA-DF30-15196B2D9FE8}.Release|Any CPU.ActiveCfg = Release|Any CPU
		{9320FE85-6F91-8ECA-DF30-15196B2D9FE8}.Release|Any CPU.Build.0 = Release|Any CPU
	EndGlobalSection
	GlobalSection(SolutionProperties) = preSolution
		HideSolutionNode = FALSE
	EndGlobalSection
	GlobalSection(ExtensibilityGlobals) = postSolution
		SolutionGuid = {0AC211F9-E79D-4334-9A1D-8BFC4360D506}
	EndGlobalSection
EndGlobal
